
Microsoft Visual Studio Solution File, Format Version 12.00
# Visual Studio Version 17
VisualStudioVersion = 17.14.36310.24 d17.14
MinimumVisualStudioVersion = 10.0.40219.1
Project("{FAE04EC0-301F-11D3-BF4B-00C04F79EFBC}") = "PSZ-Gokart", "PSZ-Gokart.csproj", "{1E757BB1-9EE5-417C-9261-1861F97C1F2E}"
EndProject
Global
	GlobalSection(SolutionConfigurationPlatforms) = preSolution
		Debug|Any CPU = Debug|Any CPU
		Release|Any CPU = Release|Any CPU
	EndGlobalSection
	GlobalSection(ProjectConfigurationPlatforms) = postSolution
		{1E757BB1-9EE5-417C-9261-1861F97C1F2E}.Debug|Any CPU.ActiveCfg = Debug|Any CPU
		{1E757BB1-9EE5-417C-9261-1861F97C1F2E}.Debug|Any CPU.Build.0 = Debug|Any CPU
		{1E757BB1-9EE5-417C-9261-1861F97C1F2E}.Release|Any CPU.ActiveCfg = Release|Any CPU
		{1E757BB1-9EE5-417C-9261-1861F97C1F2E}.Release|Any CPU.Build.0 = Release|Any CPU
	EndGlobalSection
	GlobalSection(SolutionProperties) = preSolution
		HideSolutionNode = FALSE
	EndGlobalSection
	GlobalSection(ExtensibilityGlobals) = postSolution
		SolutionGuid = {48BEBE53-695D-4408-B315-9330178655FA}
	EndGlobalSection
EndGlobal
